
Microsoft Visual Studio Solution File, Format Version 12.00
# Visual Studio Version 17
VisualStudioVersion = 17.0.31903.59
MinimumVisualStudioVersion = 10.0.40219.1
Project("{9A19103F-16F7-4668-BE54-9A1E7A4F7556}") = "Applantus.Tingum.WebApp", "Applantus.Tingum.WebApp\Applantus.Tingum.WebApp.csproj", "{F2AC078F-E10A-4C7D-B829-58231CC06637}"
EndProject
Global
	GlobalSection(SolutionConfigurationPlatforms) = preSolution
		Debug|Any CPU = Debug|Any CPU
		Release|Any CPU = Release|Any CPU
	EndGlobalSection
	GlobalSection(ProjectConfigurationPlatforms) = postSolution
		{F2AC078F-E10A-4C7D-B829-58231CC06637}.Debug|Any CPU.ActiveCfg = Debug|Any CPU
		{F2AC078F-E10A-4C7D-B829-58231CC06637}.Debug|Any CPU.Build.0 = Debug|Any CPU
		{F2AC078F-E10A-4C7D-B829-58231CC06637}.Release|Any CPU.ActiveCfg = Release|Any CPU
		{F2AC078F-E10A-4C7D-B829-58231CC06637}.Release|Any CPU.Build.0 = Release|Any CPU
	EndGlobalSection
	GlobalSection(SolutionProperties) = preSolution
		HideSolutionNode = FALSE
	EndGlobalSection
	GlobalSection(ExtensibilityGlobals) = postSolution
		SolutionGuid = {51B6942B-16EF-493E-AEB9-FCCB7D415FBF}
	EndGlobalSection
EndGlobal
